// !$*UTF8*$!
{
	archiveVersion = 1;
	classes = {
	};
	objectVersion = 55;
	objects = {

/* Begin PBXBuildFile section */
		98C4F17E2A2DA8CA009C2320 /* CartItemStoreDeleter.swift in Sources */ = {isa = PBXBuildFile; fileRef = 98C4F17D2A2DA8CA009C2320 /* CartItemStoreDeleter.swift */; };
		98C4F1802A2DAD7F009C2320 /* CartItemDeleter.swift in Sources */ = {isa = PBXBuildFile; fileRef = 98C4F17F2A2DAD7F009C2320 /* CartItemDeleter.swift */; };
		98C4F1822A2DADF4009C2320 /* LocalCartItemDeleter.swift in Sources */ = {isa = PBXBuildFile; fileRef = 98C4F1812A2DADF4009C2320 /* LocalCartItemDeleter.swift */; };
		98C4F1842A2DBEFF009C2320 /* CartDataSource.swift in Sources */ = {isa = PBXBuildFile; fileRef = 98C4F1832A2DBEFF009C2320 /* CartDataSource.swift */; };
		98C4F1862A2DC435009C2320 /* OrderSaverWithCartDeleterDecorator.swift in Sources */ = {isa = PBXBuildFile; fileRef = 98C4F1852A2DC435009C2320 /* OrderSaverWithCartDeleterDecorator.swift */; };
		98C4F1882A2DC7DA009C2320 /* OrderLoader.swift in Sources */ = {isa = PBXBuildFile; fileRef = 98C4F1872A2DC7DA009C2320 /* OrderLoader.swift */; };
		98D80BB22A27430C0003008C /* AppDelegate.swift in Sources */ = {isa = PBXBuildFile; fileRef = 98D80BB12A27430C0003008C /* AppDelegate.swift */; };
		98D80BB42A27430C0003008C /* SceneDelegate.swift in Sources */ = {isa = PBXBuildFile; fileRef = 98D80BB32A27430C0003008C /* SceneDelegate.swift */; };
		98D80BBB2A27430D0003008C /* Assets.xcassets in Resources */ = {isa = PBXBuildFile; fileRef = 98D80BBA2A27430D0003008C /* Assets.xcassets */; };
		98D80BBE2A27430D0003008C /* LaunchScreen.storyboard in Resources */ = {isa = PBXBuildFile; fileRef = 98D80BBC2A27430D0003008C /* LaunchScreen.storyboard */; };
		98D80BC92A27430D0003008C /* JKOAssignmentTests.swift in Sources */ = {isa = PBXBuildFile; fileRef = 98D80BC82A27430D0003008C /* JKOAssignmentTests.swift */; };
		98D80BE22A2776AA0003008C /* ItemListViewController.swift in Sources */ = {isa = PBXBuildFile; fileRef = 98D80BE12A2776AA0003008C /* ItemListViewController.swift */; };
		98D80BE52A2782B10003008C /* ItemListViewModel.swift in Sources */ = {isa = PBXBuildFile; fileRef = 98D80BE42A2782B10003008C /* ItemListViewModel.swift */; };
		98D80BE72A2782E40003008C /* ItemLoader.swift in Sources */ = {isa = PBXBuildFile; fileRef = 98D80BE62A2782E40003008C /* ItemLoader.swift */; };
		98D80BE92A2782FD0003008C /* Item.swift in Sources */ = {isa = PBXBuildFile; fileRef = 98D80BE82A2782FD0003008C /* Item.swift */; };
		98D80BEB2A2783130003008C /* ItemRequestCondition.swift in Sources */ = {isa = PBXBuildFile; fileRef = 98D80BEA2A2783130003008C /* ItemRequestCondition.swift */; };
		98D80BED2A27832B0003008C /* ItemListCell.swift in Sources */ = {isa = PBXBuildFile; fileRef = 98D80BEC2A27832B0003008C /* ItemListCell.swift */; };
		98D80BF62A28397D0003008C /* ItemListCellViewModel.swift in Sources */ = {isa = PBXBuildFile; fileRef = 98D80BF52A28397D0003008C /* ItemListCellViewModel.swift */; };
		98D80BF82A2840EE0003008C /* ItemListPaginationViewModel.swift in Sources */ = {isa = PBXBuildFile; fileRef = 98D80BF72A2840EE0003008C /* ItemListPaginationViewModel.swift */; };
		98D80BFA2A28410B0003008C /* ItemListPaginationViewController.swift in Sources */ = {isa = PBXBuildFile; fileRef = 98D80BF92A28410B0003008C /* ItemListPaginationViewController.swift */; };
		98D80BFD2A284F500003008C /* StubbedDataItemLoader.swift in Sources */ = {isa = PBXBuildFile; fileRef = 98D80BFC2A284F500003008C /* StubbedDataItemLoader.swift */; };
		98D80C002A2862EF0003008C /* MainThreadDispatchDecorator.swift in Sources */ = {isa = PBXBuildFile; fileRef = 98D80BFF2A2862EF0003008C /* MainThreadDispatchDecorator.swift */; };
		98D80C032A2863AC0003008C /* ItemListUIComposer.swift in Sources */ = {isa = PBXBuildFile; fileRef = 98D80C022A2863AC0003008C /* ItemListUIComposer.swift */; };
		98D80C052A2867060003008C /* ItemDetailViewController.swift in Sources */ = {isa = PBXBuildFile; fileRef = 98D80C042A2867060003008C /* ItemDetailViewController.swift */; };
		98D80C082A286AEE0003008C /* UIView+Extension.swift in Sources */ = {isa = PBXBuildFile; fileRef = 98D80C072A286AEE0003008C /* UIView+Extension.swift */; };
		98D80C0A2A28790F0003008C /* Constants.swift in Sources */ = {isa = PBXBuildFile; fileRef = 98D80C092A28790F0003008C /* Constants.swift */; };
		98D80C0C2A28794B0003008C /* ItemDetailCell.swift in Sources */ = {isa = PBXBuildFile; fileRef = 98D80C0B2A28794B0003008C /* ItemDetailCell.swift */; };
		98D80C0E2A2879690003008C /* CartItemSaver.swift in Sources */ = {isa = PBXBuildFile; fileRef = 98D80C0D2A2879690003008C /* CartItemSaver.swift */; };
		98D80C102A28798D0003008C /* ItemDetailViewModel.swift in Sources */ = {isa = PBXBuildFile; fileRef = 98D80C0F2A28798D0003008C /* ItemDetailViewModel.swift */; };
		98D80C122A287EED0003008C /* Observable.swift in Sources */ = {isa = PBXBuildFile; fileRef = 98D80C112A287EED0003008C /* Observable.swift */; };
		98D80C172A28956B0003008C /* LocalCartItemSaver.swift in Sources */ = {isa = PBXBuildFile; fileRef = 98D80C162A28956B0003008C /* LocalCartItemSaver.swift */; };
		98D80C192A2899CB0003008C /* CartItemStoreSaver.swift in Sources */ = {isa = PBXBuildFile; fileRef = 98D80C182A2899CB0003008C /* CartItemStoreSaver.swift */; };
		98D80C1C2A289A1E0003008C /* CoreDataStore.swift in Sources */ = {isa = PBXBuildFile; fileRef = 98D80C1B2A289A1E0003008C /* CoreDataStore.swift */; };
		98D80C202A289C860003008C /* JKOStore.xcdatamodeld in Sources */ = {isa = PBXBuildFile; fileRef = 98D80C1E2A289C860003008C /* JKOStore.xcdatamodeld */; };
		98D80C222A28C2700003008C /* LoadingIndicator.swift in Sources */ = {isa = PBXBuildFile; fileRef = 98D80C212A28C2700003008C /* LoadingIndicator.swift */; };
		98D80C242A28C2980003008C /* FadingMessageView.swift in Sources */ = {isa = PBXBuildFile; fileRef = 98D80C232A28C2980003008C /* FadingMessageView.swift */; };
		98D80C262A28C6F10003008C /* CartViewController.swift in Sources */ = {isa = PBXBuildFile; fileRef = 98D80C252A28C6F10003008C /* CartViewController.swift */; };
		98D80C282A28D1600003008C /* CartCell.swift in Sources */ = {isa = PBXBuildFile; fileRef = 98D80C272A28D1600003008C /* CartCell.swift */; };
		98D80C2A2A28D1800003008C /* CartViewModel.swift in Sources */ = {isa = PBXBuildFile; fileRef = 98D80C292A28D1800003008C /* CartViewModel.swift */; };
		98D80C2C2A28D1B60003008C /* CartItemsLoader.swift in Sources */ = {isa = PBXBuildFile; fileRef = 98D80C2B2A28D1B60003008C /* CartItemsLoader.swift */; };
		98D80C2E2A28D30E0003008C /* CartCellViewModel.swift in Sources */ = {isa = PBXBuildFile; fileRef = 98D80C2D2A28D30E0003008C /* CartCellViewModel.swift */; };
		98D80C312A28DB980003008C /* LocalCartItemsLoader.swift in Sources */ = {isa = PBXBuildFile; fileRef = 98D80C302A28DB980003008C /* LocalCartItemsLoader.swift */; };
		98D80C332A298D970003008C /* CartItemsStoreLoader.swift in Sources */ = {isa = PBXBuildFile; fileRef = 98D80C322A298D970003008C /* CartItemsStoreLoader.swift */; };
		98D80C352A29ABB90003008C /* NullStore.swift in Sources */ = {isa = PBXBuildFile; fileRef = 98D80C342A29ABB90003008C /* NullStore.swift */; };
		98D80C372A29AC730003008C /* Cell+Extension.swift in Sources */ = {isa = PBXBuildFile; fileRef = 98D80C362A29AC730003008C /* Cell+Extension.swift */; };
		98D80C3D2A29B25D0003008C /* CheckoutViewModel.swift in Sources */ = {isa = PBXBuildFile; fileRef = 98D80C3C2A29B25D0003008C /* CheckoutViewModel.swift */; };
		98D80C402A29B3A80003008C /* Order.swift in Sources */ = {isa = PBXBuildFile; fileRef = 98D80C3F2A29B3A80003008C /* Order.swift */; };
		98D80C422A29B3BF0003008C /* OrderSaver.swift in Sources */ = {isa = PBXBuildFile; fileRef = 98D80C412A29B3BF0003008C /* OrderSaver.swift */; };
		98D80C442A29B3F20003008C /* CheckoutViewController.swift in Sources */ = {isa = PBXBuildFile; fileRef = 98D80C432A29B3F20003008C /* CheckoutViewController.swift */; };
		98D80C472A29B6B80003008C /* CheckoutCellViewModel.swift in Sources */ = {isa = PBXBuildFile; fileRef = 98D80C462A29B6B80003008C /* CheckoutCellViewModel.swift */; };
		98D80C4A2A29BA400003008C /* CheckoutCell.swift in Sources */ = {isa = PBXBuildFile; fileRef = 98D80C492A29BA400003008C /* CheckoutCell.swift */; };
		98D80C4D2A29C1450003008C /* OrderConstants.swift in Sources */ = {isa = PBXBuildFile; fileRef = 98D80C4C2A29C1440003008C /* OrderConstants.swift */; };
		98D80C502A29C2320003008C /* LocalOrderSaver.swift in Sources */ = {isa = PBXBuildFile; fileRef = 98D80C4F2A29C2320003008C /* LocalOrderSaver.swift */; };
		98D80C522A29C3AF0003008C /* OrderStoreSaver.swift in Sources */ = {isa = PBXBuildFile; fileRef = 98D80C512A29C3AF0003008C /* OrderStoreSaver.swift */; };
		98D80C572A29C4890003008C /* ManagedItem.swift in Sources */ = {isa = PBXBuildFile; fileRef = 98D80C562A29C4890003008C /* ManagedItem.swift */; };
		98D80C592A29C5A00003008C /* ManagedOrder.swift in Sources */ = {isa = PBXBuildFile; fileRef = 98D80C582A29C5A00003008C /* ManagedOrder.swift */; };
		98D80C5B2A29CF4E0003008C /* ManagedOrderItem.swift in Sources */ = {isa = PBXBuildFile; fileRef = 98D80C5A2A29CF4E0003008C /* ManagedOrderItem.swift */; };
		98D80C5E2A29CFAE0003008C /* OrderUIComposer.swift in Sources */ = {isa = PBXBuildFile; fileRef = 98D80C5D2A29CFAE0003008C /* OrderUIComposer.swift */; };
/* End PBXBuildFile section */

/* Begin PBXContainerItemProxy section */
		98D80BC52A27430D0003008C /* PBXContainerItemProxy */ = {
			isa = PBXContainerItemProxy;
			containerPortal = 98D80BA62A27430C0003008C /* Project object */;
			proxyType = 1;
			remoteGlobalIDString = 98D80BAD2A27430C0003008C;
			remoteInfo = JKOAssignment;
		};
/* End PBXContainerItemProxy section */

/* Begin PBXFileReference section */
		98C4F17D2A2DA8CA009C2320 /* CartItemStoreDeleter.swift */ = {isa = PBXFileReference; lastKnownFileType = sourcecode.swift; path = CartItemStoreDeleter.swift; sourceTree = "<group>"; };
		98C4F17F2A2DAD7F009C2320 /* CartItemDeleter.swift */ = {isa = PBXFileReference; lastKnownFileType = sourcecode.swift; path = CartItemDeleter.swift; sourceTree = "<group>"; };
		98C4F1812A2DADF4009C2320 /* LocalCartItemDeleter.swift */ = {isa = PBXFileReference; lastKnownFileType = sourcecode.swift; path = LocalCartItemDeleter.swift; sourceTree = "<group>"; };
		98C4F1832A2DBEFF009C2320 /* CartDataSource.swift */ = {isa = PBXFileReference; lastKnownFileType = sourcecode.swift; path = CartDataSource.swift; sourceTree = "<group>"; };
		98C4F1852A2DC435009C2320 /* OrderSaverWithCartDeleterDecorator.swift */ = {isa = PBXFileReference; lastKnownFileType = sourcecode.swift; path = OrderSaverWithCartDeleterDecorator.swift; sourceTree = "<group>"; };
		98C4F1872A2DC7DA009C2320 /* OrderLoader.swift */ = {isa = PBXFileReference; lastKnownFileType = sourcecode.swift; path = OrderLoader.swift; sourceTree = "<group>"; };
		98D80BAE2A27430C0003008C /* JKOAssignment.app */ = {isa = PBXFileReference; explicitFileType = wrapper.application; includeInIndex = 0; path = JKOAssignment.app; sourceTree = BUILT_PRODUCTS_DIR; };
		98D80BB12A27430C0003008C /* AppDelegate.swift */ = {isa = PBXFileReference; lastKnownFileType = sourcecode.swift; path = AppDelegate.swift; sourceTree = "<group>"; };
		98D80BB32A27430C0003008C /* SceneDelegate.swift */ = {isa = PBXFileReference; lastKnownFileType = sourcecode.swift; path = SceneDelegate.swift; sourceTree = "<group>"; };
		98D80BBA2A27430D0003008C /* Assets.xcassets */ = {isa = PBXFileReference; lastKnownFileType = folder.assetcatalog; path = Assets.xcassets; sourceTree = "<group>"; };
		98D80BBD2A27430D0003008C /* Base */ = {isa = PBXFileReference; lastKnownFileType = file.storyboard; name = Base; path = Base.lproj/LaunchScreen.storyboard; sourceTree = "<group>"; };
		98D80BBF2A27430D0003008C /* Info.plist */ = {isa = PBXFileReference; lastKnownFileType = text.plist.xml; path = Info.plist; sourceTree = "<group>"; };
		98D80BC42A27430D0003008C /* JKOAssignmentTests.xctest */ = {isa = PBXFileReference; explicitFileType = wrapper.cfbundle; includeInIndex = 0; path = JKOAssignmentTests.xctest; sourceTree = BUILT_PRODUCTS_DIR; };
		98D80BC82A27430D0003008C /* JKOAssignmentTests.swift */ = {isa = PBXFileReference; lastKnownFileType = sourcecode.swift; path = JKOAssignmentTests.swift; sourceTree = "<group>"; };
		98D80BE12A2776AA0003008C /* ItemListViewController.swift */ = {isa = PBXFileReference; lastKnownFileType = sourcecode.swift; path = ItemListViewController.swift; sourceTree = "<group>"; };
		98D80BE42A2782B10003008C /* ItemListViewModel.swift */ = {isa = PBXFileReference; lastKnownFileType = sourcecode.swift; path = ItemListViewModel.swift; sourceTree = "<group>"; };
		98D80BE62A2782E40003008C /* ItemLoader.swift */ = {isa = PBXFileReference; lastKnownFileType = sourcecode.swift; path = ItemLoader.swift; sourceTree = "<group>"; };
		98D80BE82A2782FD0003008C /* Item.swift */ = {isa = PBXFileReference; lastKnownFileType = sourcecode.swift; path = Item.swift; sourceTree = "<group>"; };
		98D80BEA2A2783130003008C /* ItemRequestCondition.swift */ = {isa = PBXFileReference; lastKnownFileType = sourcecode.swift; path = ItemRequestCondition.swift; sourceTree = "<group>"; };
		98D80BEC2A27832B0003008C /* ItemListCell.swift */ = {isa = PBXFileReference; lastKnownFileType = sourcecode.swift; path = ItemListCell.swift; sourceTree = "<group>"; };
		98D80BF52A28397D0003008C /* ItemListCellViewModel.swift */ = {isa = PBXFileReference; lastKnownFileType = sourcecode.swift; path = ItemListCellViewModel.swift; sourceTree = "<group>"; };
		98D80BF72A2840EE0003008C /* ItemListPaginationViewModel.swift */ = {isa = PBXFileReference; lastKnownFileType = sourcecode.swift; path = ItemListPaginationViewModel.swift; sourceTree = "<group>"; };
		98D80BF92A28410B0003008C /* ItemListPaginationViewController.swift */ = {isa = PBXFileReference; lastKnownFileType = sourcecode.swift; path = ItemListPaginationViewController.swift; sourceTree = "<group>"; };
		98D80BFC2A284F500003008C /* StubbedDataItemLoader.swift */ = {isa = PBXFileReference; lastKnownFileType = sourcecode.swift; path = StubbedDataItemLoader.swift; sourceTree = "<group>"; };
		98D80BFF2A2862EF0003008C /* MainThreadDispatchDecorator.swift */ = {isa = PBXFileReference; lastKnownFileType = sourcecode.swift; path = MainThreadDispatchDecorator.swift; sourceTree = "<group>"; };
		98D80C022A2863AC0003008C /* ItemListUIComposer.swift */ = {isa = PBXFileReference; lastKnownFileType = sourcecode.swift; path = ItemListUIComposer.swift; sourceTree = "<group>"; };
		98D80C042A2867060003008C /* ItemDetailViewController.swift */ = {isa = PBXFileReference; lastKnownFileType = sourcecode.swift; path = ItemDetailViewController.swift; sourceTree = "<group>"; };
		98D80C072A286AEE0003008C /* UIView+Extension.swift */ = {isa = PBXFileReference; lastKnownFileType = sourcecode.swift; path = "UIView+Extension.swift"; sourceTree = "<group>"; };
		98D80C092A28790F0003008C /* Constants.swift */ = {isa = PBXFileReference; lastKnownFileType = sourcecode.swift; path = Constants.swift; sourceTree = "<group>"; };
		98D80C0B2A28794B0003008C /* ItemDetailCell.swift */ = {isa = PBXFileReference; lastKnownFileType = sourcecode.swift; path = ItemDetailCell.swift; sourceTree = "<group>"; };
		98D80C0D2A2879690003008C /* CartItemSaver.swift */ = {isa = PBXFileReference; lastKnownFileType = sourcecode.swift; path = CartItemSaver.swift; sourceTree = "<group>"; };
		98D80C0F2A28798D0003008C /* ItemDetailViewModel.swift */ = {isa = PBXFileReference; lastKnownFileType = sourcecode.swift; path = ItemDetailViewModel.swift; sourceTree = "<group>"; };
		98D80C112A287EED0003008C /* Observable.swift */ = {isa = PBXFileReference; lastKnownFileType = sourcecode.swift; path = Observable.swift; sourceTree = "<group>"; };
		98D80C162A28956B0003008C /* LocalCartItemSaver.swift */ = {isa = PBXFileReference; lastKnownFileType = sourcecode.swift; path = LocalCartItemSaver.swift; sourceTree = "<group>"; };
		98D80C182A2899CB0003008C /* CartItemStoreSaver.swift */ = {isa = PBXFileReference; lastKnownFileType = sourcecode.swift; path = CartItemStoreSaver.swift; sourceTree = "<group>"; };
		98D80C1B2A289A1E0003008C /* CoreDataStore.swift */ = {isa = PBXFileReference; lastKnownFileType = sourcecode.swift; path = CoreDataStore.swift; sourceTree = "<group>"; };
		98D80C1F2A289C860003008C /* JKOStore.xcdatamodel */ = {isa = PBXFileReference; lastKnownFileType = wrapper.xcdatamodel; path = JKOStore.xcdatamodel; sourceTree = "<group>"; };
		98D80C212A28C2700003008C /* LoadingIndicator.swift */ = {isa = PBXFileReference; lastKnownFileType = sourcecode.swift; path = LoadingIndicator.swift; sourceTree = "<group>"; };
		98D80C232A28C2980003008C /* FadingMessageView.swift */ = {isa = PBXFileReference; lastKnownFileType = sourcecode.swift; path = FadingMessageView.swift; sourceTree = "<group>"; };
		98D80C252A28C6F10003008C /* CartViewController.swift */ = {isa = PBXFileReference; lastKnownFileType = sourcecode.swift; path = CartViewController.swift; sourceTree = "<group>"; };
		98D80C272A28D1600003008C /* CartCell.swift */ = {isa = PBXFileReference; lastKnownFileType = sourcecode.swift; path = CartCell.swift; sourceTree = "<group>"; };
		98D80C292A28D1800003008C /* CartViewModel.swift */ = {isa = PBXFileReference; lastKnownFileType = sourcecode.swift; path = CartViewModel.swift; sourceTree = "<group>"; };
		98D80C2B2A28D1B60003008C /* CartItemsLoader.swift */ = {isa = PBXFileReference; lastKnownFileType = sourcecode.swift; path = CartItemsLoader.swift; sourceTree = "<group>"; };
		98D80C2D2A28D30E0003008C /* CartCellViewModel.swift */ = {isa = PBXFileReference; lastKnownFileType = sourcecode.swift; path = CartCellViewModel.swift; sourceTree = "<group>"; };
		98D80C302A28DB980003008C /* LocalCartItemsLoader.swift */ = {isa = PBXFileReference; lastKnownFileType = sourcecode.swift; path = LocalCartItemsLoader.swift; sourceTree = "<group>"; };
		98D80C322A298D970003008C /* CartItemsStoreLoader.swift */ = {isa = PBXFileReference; lastKnownFileType = sourcecode.swift; path = CartItemsStoreLoader.swift; sourceTree = "<group>"; };
		98D80C342A29ABB90003008C /* NullStore.swift */ = {isa = PBXFileReference; lastKnownFileType = sourcecode.swift; path = NullStore.swift; sourceTree = "<group>"; };
		98D80C362A29AC730003008C /* Cell+Extension.swift */ = {isa = PBXFileReference; lastKnownFileType = sourcecode.swift; path = "Cell+Extension.swift"; sourceTree = "<group>"; };
		98D80C3C2A29B25D0003008C /* CheckoutViewModel.swift */ = {isa = PBXFileReference; lastKnownFileType = sourcecode.swift; path = CheckoutViewModel.swift; sourceTree = "<group>"; };
		98D80C3F2A29B3A80003008C /* Order.swift */ = {isa = PBXFileReference; lastKnownFileType = sourcecode.swift; path = Order.swift; sourceTree = "<group>"; };
		98D80C412A29B3BF0003008C /* OrderSaver.swift */ = {isa = PBXFileReference; lastKnownFileType = sourcecode.swift; path = OrderSaver.swift; sourceTree = "<group>"; };
		98D80C432A29B3F20003008C /* CheckoutViewController.swift */ = {isa = PBXFileReference; lastKnownFileType = sourcecode.swift; path = CheckoutViewController.swift; sourceTree = "<group>"; };
		98D80C462A29B6B80003008C /* CheckoutCellViewModel.swift */ = {isa = PBXFileReference; lastKnownFileType = sourcecode.swift; path = CheckoutCellViewModel.swift; sourceTree = "<group>"; };
		98D80C492A29BA400003008C /* CheckoutCell.swift */ = {isa = PBXFileReference; lastKnownFileType = sourcecode.swift; path = CheckoutCell.swift; sourceTree = "<group>"; };
		98D80C4C2A29C1440003008C /* OrderConstants.swift */ = {isa = PBXFileReference; lastKnownFileType = sourcecode.swift; path = OrderConstants.swift; sourceTree = "<group>"; };
		98D80C4F2A29C2320003008C /* LocalOrderSaver.swift */ = {isa = PBXFileReference; lastKnownFileType = sourcecode.swift; path = LocalOrderSaver.swift; sourceTree = "<group>"; };
		98D80C512A29C3AF0003008C /* OrderStoreSaver.swift */ = {isa = PBXFileReference; lastKnownFileType = sourcecode.swift; path = OrderStoreSaver.swift; sourceTree = "<group>"; };
		98D80C562A29C4890003008C /* ManagedItem.swift */ = {isa = PBXFileReference; lastKnownFileType = sourcecode.swift; path = ManagedItem.swift; sourceTree = "<group>"; };
		98D80C582A29C5A00003008C /* ManagedOrder.swift */ = {isa = PBXFileReference; lastKnownFileType = sourcecode.swift; path = ManagedOrder.swift; sourceTree = "<group>"; };
		98D80C5A2A29CF4E0003008C /* ManagedOrderItem.swift */ = {isa = PBXFileReference; lastKnownFileType = sourcecode.swift; path = ManagedOrderItem.swift; sourceTree = "<group>"; };
		98D80C5D2A29CFAE0003008C /* OrderUIComposer.swift */ = {isa = PBXFileReference; lastKnownFileType = sourcecode.swift; path = OrderUIComposer.swift; sourceTree = "<group>"; };
/* End PBXFileReference section */

/* Begin PBXFrameworksBuildPhase section */
		98D80BAB2A27430C0003008C /* Frameworks */ = {
			isa = PBXFrameworksBuildPhase;
			buildActionMask = 2147483647;
			files = (
			);
			runOnlyForDeploymentPostprocessing = 0;
		};
		98D80BC12A27430D0003008C /* Frameworks */ = {
			isa = PBXFrameworksBuildPhase;
			buildActionMask = 2147483647;
			files = (
			);
			runOnlyForDeploymentPostprocessing = 0;
		};
/* End PBXFrameworksBuildPhase section */

/* Begin PBXGroup section */
		98D80BA52A27430C0003008C = {
			isa = PBXGroup;
			children = (
				98D80BB02A27430C0003008C /* JKOAssignment */,
				98D80BC72A27430D0003008C /* JKOAssignmentTests */,
				98D80BAF2A27430C0003008C /* Products */,
			);
			sourceTree = "<group>";
		};
		98D80BAF2A27430C0003008C /* Products */ = {
			isa = PBXGroup;
			children = (
				98D80BAE2A27430C0003008C /* JKOAssignment.app */,
				98D80BC42A27430D0003008C /* JKOAssignmentTests.xctest */,
			);
			name = Products;
			sourceTree = "<group>";
		};
		98D80BB02A27430C0003008C /* JKOAssignment */ = {
			isa = PBXGroup;
			children = (
				98D80BFE2A2862C50003008C /* Composition */,
				98D80C542A29C42E0003008C /* Shared */,
				98D80BE32A2782930003008C /* ItemList */,
				98D80C382A29B1810003008C /* Order */,
				98D80BBA2A27430D0003008C /* Assets.xcassets */,
				98D80BBC2A27430D0003008C /* LaunchScreen.storyboard */,
				98D80BBF2A27430D0003008C /* Info.plist */,
			);
			path = JKOAssignment;
			sourceTree = "<group>";
		};
		98D80BC72A27430D0003008C /* JKOAssignmentTests */ = {
			isa = PBXGroup;
			children = (
				98D80BC82A27430D0003008C /* JKOAssignmentTests.swift */,
			);
			path = JKOAssignmentTests;
			sourceTree = "<group>";
		};
		98D80BE32A2782930003008C /* ItemList */ = {
			isa = PBXGroup;
			children = (
				98D80C152A2895610003008C /* Local */,
				98D80BFB2A284F340003008C /* Stub */,
				98D80BF22A27839F0003008C /* Feature */,
				98D80BEE2A2783500003008C /* UI */,
			);
			path = ItemList;
			sourceTree = "<group>";
		};
		98D80BEE2A2783500003008C /* UI */ = {
			isa = PBXGroup;
			children = (
				98D80C062A286AE20003008C /* Helpers */,
				98D80C012A2863A70003008C /* Composer */,
				98D80BF12A27837D0003008C /* ViewModel */,
				98D80BEF2A2783670003008C /* Controller */,
				98D80BF02A2783760003008C /* View */,
			);
			path = UI;
			sourceTree = "<group>";
		};
		98D80BEF2A2783670003008C /* Controller */ = {
			isa = PBXGroup;
			children = (
				98D80BE12A2776AA0003008C /* ItemListViewController.swift */,
				98D80BF92A28410B0003008C /* ItemListPaginationViewController.swift */,
				98D80C042A2867060003008C /* ItemDetailViewController.swift */,
				98D80C252A28C6F10003008C /* CartViewController.swift */,
			);
			path = Controller;
			sourceTree = "<group>";
		};
		98D80BF02A2783760003008C /* View */ = {
			isa = PBXGroup;
			children = (
				98D80BEC2A27832B0003008C /* ItemListCell.swift */,
				98D80C0B2A28794B0003008C /* ItemDetailCell.swift */,
				98D80C272A28D1600003008C /* CartCell.swift */,
				98D80C212A28C2700003008C /* LoadingIndicator.swift */,
				98D80C232A28C2980003008C /* FadingMessageView.swift */,
			);
			path = View;
			sourceTree = "<group>";
		};
		98D80BF12A27837D0003008C /* ViewModel */ = {
			isa = PBXGroup;
			children = (
				98D80BE42A2782B10003008C /* ItemListViewModel.swift */,
				98D80BF52A28397D0003008C /* ItemListCellViewModel.swift */,
				98D80BF72A2840EE0003008C /* ItemListPaginationViewModel.swift */,
				98D80C0F2A28798D0003008C /* ItemDetailViewModel.swift */,
				98D80C292A28D1800003008C /* CartViewModel.swift */,
				98D80C2D2A28D30E0003008C /* CartCellViewModel.swift */,
			);
			path = ViewModel;
			sourceTree = "<group>";
		};
		98D80BF22A27839F0003008C /* Feature */ = {
			isa = PBXGroup;
			children = (
				98D80BEA2A2783130003008C /* ItemRequestCondition.swift */,
				98D80BE82A2782FD0003008C /* Item.swift */,
				98D80BE62A2782E40003008C /* ItemLoader.swift */,
				98D80C0D2A2879690003008C /* CartItemSaver.swift */,
				98D80C2B2A28D1B60003008C /* CartItemsLoader.swift */,
				98C4F17F2A2DAD7F009C2320 /* CartItemDeleter.swift */,
			);
			path = Feature;
			sourceTree = "<group>";
		};
		98D80BFB2A284F340003008C /* Stub */ = {
			isa = PBXGroup;
			children = (
				98D80BFC2A284F500003008C /* StubbedDataItemLoader.swift */,
			);
			path = Stub;
			sourceTree = "<group>";
		};
		98D80BFE2A2862C50003008C /* Composition */ = {
			isa = PBXGroup;
			children = (
				98D80BB12A27430C0003008C /* AppDelegate.swift */,
				98D80BB32A27430C0003008C /* SceneDelegate.swift */,
				98D80BFF2A2862EF0003008C /* MainThreadDispatchDecorator.swift */,
				98C4F1852A2DC435009C2320 /* OrderSaverWithCartDeleterDecorator.swift */,
				98D80C342A29ABB90003008C /* NullStore.swift */,
			);
			path = Composition;
			sourceTree = "<group>";
		};
		98D80C012A2863A70003008C /* Composer */ = {
			isa = PBXGroup;
			children = (
				98D80C022A2863AC0003008C /* ItemListUIComposer.swift */,
			);
			path = Composer;
			sourceTree = "<group>";
		};
		98D80C062A286AE20003008C /* Helpers */ = {
			isa = PBXGroup;
			children = (
				98D80C072A286AEE0003008C /* UIView+Extension.swift */,
				98D80C092A28790F0003008C /* Constants.swift */,
				98D80C112A287EED0003008C /* Observable.swift */,
				98D80C362A29AC730003008C /* Cell+Extension.swift */,
				98C4F1832A2DBEFF009C2320 /* CartDataSource.swift */,
			);
			path = Helpers;
			sourceTree = "<group>";
		};
		98D80C152A2895610003008C /* Local */ = {
			isa = PBXGroup;
			children = (
				98D80C162A28956B0003008C /* LocalCartItemSaver.swift */,
				98D80C182A2899CB0003008C /* CartItemStoreSaver.swift */,
				98D80C302A28DB980003008C /* LocalCartItemsLoader.swift */,
				98D80C322A298D970003008C /* CartItemsStoreLoader.swift */,
				98C4F1812A2DADF4009C2320 /* LocalCartItemDeleter.swift */,
				98C4F17D2A2DA8CA009C2320 /* CartItemStoreDeleter.swift */,
			);
			path = Local;
			sourceTree = "<group>";
		};
		98D80C382A29B1810003008C /* Order */ = {
			isa = PBXGroup;
			children = (
				98D80C4B2A29C12E0003008C /* Helpers */,
				98D80C4E2A29C21B0003008C /* Local */,
				98D80C3E2A29B39F0003008C /* Feature */,
				98D80C392A29B1940003008C /* UI */,
			);
			path = Order;
			sourceTree = "<group>";
		};
		98D80C392A29B1940003008C /* UI */ = {
			isa = PBXGroup;
			children = (
				98D80C5C2A29CFA20003008C /* Composer */,
				98D80C452A29B6AF0003008C /* ViewModel */,
				98D80C482A29BA3C0003008C /* View */,
				98D80C532A29C3E00003008C /* Controller */,
			);
			path = UI;
			sourceTree = "<group>";
		};
		98D80C3E2A29B39F0003008C /* Feature */ = {
			isa = PBXGroup;
			children = (
				98D80C3F2A29B3A80003008C /* Order.swift */,
				98D80C412A29B3BF0003008C /* OrderSaver.swift */,
				98C4F1872A2DC7DA009C2320 /* OrderLoader.swift */,
			);
			path = Feature;
			sourceTree = "<group>";
		};
		98D80C452A29B6AF0003008C /* ViewModel */ = {
			isa = PBXGroup;
			children = (
				98D80C3C2A29B25D0003008C /* CheckoutViewModel.swift */,
				98D80C462A29B6B80003008C /* CheckoutCellViewModel.swift */,
			);
			path = ViewModel;
			sourceTree = "<group>";
		};
		98D80C482A29BA3C0003008C /* View */ = {
			isa = PBXGroup;
			children = (
				98D80C492A29BA400003008C /* CheckoutCell.swift */,
			);
			path = View;
			sourceTree = "<group>";
		};
		98D80C4B2A29C12E0003008C /* Helpers */ = {
			isa = PBXGroup;
			children = (
				98D80C4C2A29C1440003008C /* OrderConstants.swift */,
			);
			path = Helpers;
			sourceTree = "<group>";
		};
		98D80C4E2A29C21B0003008C /* Local */ = {
			isa = PBXGroup;
			children = (
				98D80C4F2A29C2320003008C /* LocalOrderSaver.swift */,
				98D80C512A29C3AF0003008C /* OrderStoreSaver.swift */,
			);
			path = Local;
			sourceTree = "<group>";
		};
		98D80C532A29C3E00003008C /* Controller */ = {
			isa = PBXGroup;
			children = (
				98D80C432A29B3F20003008C /* CheckoutViewController.swift */,
			);
			path = Controller;
			sourceTree = "<group>";
		};
		98D80C542A29C42E0003008C /* Shared */ = {
			isa = PBXGroup;
			children = (
				98D80C552A29C44E0003008C /* CoreData */,
			);
			path = Shared;
			sourceTree = "<group>";
		};
		98D80C552A29C44E0003008C /* CoreData */ = {
			isa = PBXGroup;
			children = (
				98D80C1B2A289A1E0003008C /* CoreDataStore.swift */,
				98D80C562A29C4890003008C /* ManagedItem.swift */,
				98D80C582A29C5A00003008C /* ManagedOrder.swift */,
				98D80C5A2A29CF4E0003008C /* ManagedOrderItem.swift */,
				98D80C1E2A289C860003008C /* JKOStore.xcdatamodeld */,
			);
			path = CoreData;
			sourceTree = "<group>";
		};
		98D80C5C2A29CFA20003008C /* Composer */ = {
			isa = PBXGroup;
			children = (
				98D80C5D2A29CFAE0003008C /* OrderUIComposer.swift */,
			);
			path = Composer;
			sourceTree = "<group>";
		};
/* End PBXGroup section */

/* Begin PBXNativeTarget section */
		98D80BAD2A27430C0003008C /* JKOAssignment */ = {
			isa = PBXNativeTarget;
			buildConfigurationList = 98D80BD82A27430D0003008C /* Build configuration list for PBXNativeTarget "JKOAssignment" */;
			buildPhases = (
				98D80BAA2A27430C0003008C /* Sources */,
				98D80BAB2A27430C0003008C /* Frameworks */,
				98D80BAC2A27430C0003008C /* Resources */,
			);
			buildRules = (
			);
			dependencies = (
			);
			name = JKOAssignment;
			productName = JKOAssignment;
			productReference = 98D80BAE2A27430C0003008C /* JKOAssignment.app */;
			productType = "com.apple.product-type.application";
		};
		98D80BC32A27430D0003008C /* JKOAssignmentTests */ = {
			isa = PBXNativeTarget;
			buildConfigurationList = 98D80BDB2A27430D0003008C /* Build configuration list for PBXNativeTarget "JKOAssignmentTests" */;
			buildPhases = (
				98D80BC02A27430D0003008C /* Sources */,
				98D80BC12A27430D0003008C /* Frameworks */,
				98D80BC22A27430D0003008C /* Resources */,
			);
			buildRules = (
			);
			dependencies = (
				98D80BC62A27430D0003008C /* PBXTargetDependency */,
			);
			name = JKOAssignmentTests;
			productName = JKOAssignmentTests;
			productReference = 98D80BC42A27430D0003008C /* JKOAssignmentTests.xctest */;
			productType = "com.apple.product-type.bundle.unit-test";
		};
/* End PBXNativeTarget section */

/* Begin PBXProject section */
		98D80BA62A27430C0003008C /* Project object */ = {
			isa = PBXProject;
			attributes = {
				BuildIndependentTargetsInParallel = 1;
				LastSwiftUpdateCheck = 1420;
				LastUpgradeCheck = 1420;
				TargetAttributes = {
					98D80BAD2A27430C0003008C = {
						CreatedOnToolsVersion = 14.2;
					};
					98D80BC32A27430D0003008C = {
						CreatedOnToolsVersion = 14.2;
						TestTargetID = 98D80BAD2A27430C0003008C;
					};
				};
			};
			buildConfigurationList = 98D80BA92A27430C0003008C /* Build configuration list for PBXProject "JKOAssignment" */;
			compatibilityVersion = "Xcode 13.0";
			developmentRegion = en;
			hasScannedForEncodings = 0;
			knownRegions = (
				en,
				Base,
			);
			mainGroup = 98D80BA52A27430C0003008C;
			productRefGroup = 98D80BAF2A27430C0003008C /* Products */;
			projectDirPath = "";
			projectRoot = "";
			targets = (
				98D80BAD2A27430C0003008C /* JKOAssignment */,
				98D80BC32A27430D0003008C /* JKOAssignmentTests */,
			);
		};
/* End PBXProject section */

/* Begin PBXResourcesBuildPhase section */
		98D80BAC2A27430C0003008C /* Resources */ = {
			isa = PBXResourcesBuildPhase;
			buildActionMask = 2147483647;
			files = (
				98D80BBE2A27430D0003008C /* LaunchScreen.storyboard in Resources */,
				98D80BBB2A27430D0003008C /* Assets.xcassets in Resources */,
			);
			runOnlyForDeploymentPostprocessing = 0;
		};
		98D80BC22A27430D0003008C /* Resources */ = {
			isa = PBXResourcesBuildPhase;
			buildActionMask = 2147483647;
			files = (
			);
			runOnlyForDeploymentPostprocessing = 0;
		};
/* End PBXResourcesBuildPhase section */

/* Begin PBXSourcesBuildPhase section */
		98D80BAA2A27430C0003008C /* Sources */ = {
			isa = PBXSourcesBuildPhase;
			buildActionMask = 2147483647;
			files = (
				98D80C032A2863AC0003008C /* ItemListUIComposer.swift in Sources */,
				98D80C0A2A28790F0003008C /* Constants.swift in Sources */,
				98D80BF62A28397D0003008C /* ItemListCellViewModel.swift in Sources */,
				98D80C082A286AEE0003008C /* UIView+Extension.swift in Sources */,
				98D80BE22A2776AA0003008C /* ItemListViewController.swift in Sources */,
				98D80C192A2899CB0003008C /* CartItemStoreSaver.swift in Sources */,
				98D80C2A2A28D1800003008C /* CartViewModel.swift in Sources */,
				98D80C5E2A29CFAE0003008C /* OrderUIComposer.swift in Sources */,
				98D80C332A298D970003008C /* CartItemsStoreLoader.swift in Sources */,
				98D80C312A28DB980003008C /* LocalCartItemsLoader.swift in Sources */,
				98D80C5B2A29CF4E0003008C /* ManagedOrderItem.swift in Sources */,
				98D80C1C2A289A1E0003008C /* CoreDataStore.swift in Sources */,
				98D80C2E2A28D30E0003008C /* CartCellViewModel.swift in Sources */,
				98D80C002A2862EF0003008C /* MainThreadDispatchDecorator.swift in Sources */,
				98D80C502A29C2320003008C /* LocalOrderSaver.swift in Sources */,
				98D80C522A29C3AF0003008C /* OrderStoreSaver.swift in Sources */,
				98D80C102A28798D0003008C /* ItemDetailViewModel.swift in Sources */,
				98D80C0E2A2879690003008C /* CartItemSaver.swift in Sources */,
				98C4F1862A2DC435009C2320 /* OrderSaverWithCartDeleterDecorator.swift in Sources */,
				98D80C242A28C2980003008C /* FadingMessageView.swift in Sources */,
				98D80BE52A2782B10003008C /* ItemListViewModel.swift in Sources */,
				98D80C172A28956B0003008C /* LocalCartItemSaver.swift in Sources */,
				98C4F1802A2DAD7F009C2320 /* CartItemDeleter.swift in Sources */,
				98D80C352A29ABB90003008C /* NullStore.swift in Sources */,
				98C4F1842A2DBEFF009C2320 /* CartDataSource.swift in Sources */,
				98D80C0C2A28794B0003008C /* ItemDetailCell.swift in Sources */,
				98D80C122A287EED0003008C /* Observable.swift in Sources */,
				98D80C052A2867060003008C /* ItemDetailViewController.swift in Sources */,
				98C4F1822A2DADF4009C2320 /* LocalCartItemDeleter.swift in Sources */,
				98D80C262A28C6F10003008C /* CartViewController.swift in Sources */,
				98D80C402A29B3A80003008C /* Order.swift in Sources */,
				98D80C592A29C5A00003008C /* ManagedOrder.swift in Sources */,
				98D80BF82A2840EE0003008C /* ItemListPaginationViewModel.swift in Sources */,
				98D80C472A29B6B80003008C /* CheckoutCellViewModel.swift in Sources */,
				98D80BED2A27832B0003008C /* ItemListCell.swift in Sources */,
				98D80BB22A27430C0003008C /* AppDelegate.swift in Sources */,
				98D80BFD2A284F500003008C /* StubbedDataItemLoader.swift in Sources */,
				98D80C202A289C860003008C /* JKOStore.xcdatamodeld in Sources */,
				98D80C442A29B3F20003008C /* CheckoutViewController.swift in Sources */,
				98D80C422A29B3BF0003008C /* OrderSaver.swift in Sources */,
				98D80C4A2A29BA400003008C /* CheckoutCell.swift in Sources */,
				98D80C2C2A28D1B60003008C /* CartItemsLoader.swift in Sources */,
				98D80BEB2A2783130003008C /* ItemRequestCondition.swift in Sources */,
				98D80C572A29C4890003008C /* ManagedItem.swift in Sources */,
				98C4F17E2A2DA8CA009C2320 /* CartItemStoreDeleter.swift in Sources */,
				98D80C282A28D1600003008C /* CartCell.swift in Sources */,
				98D80BE92A2782FD0003008C /* Item.swift in Sources */,
				98D80C372A29AC730003008C /* Cell+Extension.swift in Sources */,
				98D80BFA2A28410B0003008C /* ItemListPaginationViewController.swift in Sources */,
				98D80C222A28C2700003008C /* LoadingIndicator.swift in Sources */,
				98D80C4D2A29C1450003008C /* OrderConstants.swift in Sources */,
				98D80BB42A27430C0003008C /* SceneDelegate.swift in Sources */,
				98C4F1882A2DC7DA009C2320 /* OrderLoader.swift in Sources */,
				98D80BE72A2782E40003008C /* ItemLoader.swift in Sources */,
				98D80C3D2A29B25D0003008C /* CheckoutViewModel.swift in Sources */,
			);
			runOnlyForDeploymentPostprocessing = 0;
		};
		98D80BC02A27430D0003008C /* Sources */ = {
			isa = PBXSourcesBuildPhase;
			buildActionMask = 2147483647;
			files = (
				98D80BC92A27430D0003008C /* JKOAssignmentTests.swift in Sources */,
			);
			runOnlyForDeploymentPostprocessing = 0;
		};
/* End PBXSourcesBuildPhase section */

/* Begin PBXTargetDependency section */
		98D80BC62A27430D0003008C /* PBXTargetDependency */ = {
			isa = PBXTargetDependency;
			target = 98D80BAD2A27430C0003008C /* JKOAssignment */;
			targetProxy = 98D80BC52A27430D0003008C /* PBXContainerItemProxy */;
		};
/* End PBXTargetDependency section */

/* Begin PBXVariantGroup section */
		98D80BBC2A27430D0003008C /* LaunchScreen.storyboard */ = {
			isa = PBXVariantGroup;
			children = (
				98D80BBD2A27430D0003008C /* Base */,
			);
			name = LaunchScreen.storyboard;
			sourceTree = "<group>";
		};
/* End PBXVariantGroup section */

/* Begin XCBuildConfiguration section */
		98D80BD62A27430D0003008C /* Debug */ = {
			isa = XCBuildConfiguration;
			buildSettings = {
				ALWAYS_SEARCH_USER_PATHS = NO;
				CLANG_ANALYZER_NONNULL = YES;
				CLANG_ANALYZER_NUMBER_OBJECT_CONVERSION = YES_AGGRESSIVE;
				CLANG_CXX_LANGUAGE_STANDARD = "gnu++20";
				CLANG_ENABLE_MODULES = YES;
				CLANG_ENABLE_OBJC_ARC = YES;
				CLANG_ENABLE_OBJC_WEAK = YES;
				CLANG_WARN_BLOCK_CAPTURE_AUTORELEASING = YES;
				CLANG_WARN_BOOL_CONVERSION = YES;
				CLANG_WARN_COMMA = YES;
				CLANG_WARN_CONSTANT_CONVERSION = YES;
				CLANG_WARN_DEPRECATED_OBJC_IMPLEMENTATIONS = YES;
				CLANG_WARN_DIRECT_OBJC_ISA_USAGE = YES_ERROR;
				CLANG_WARN_DOCUMENTATION_COMMENTS = YES;
				CLANG_WARN_EMPTY_BODY = YES;
				CLANG_WARN_ENUM_CONVERSION = YES;
				CLANG_WARN_INFINITE_RECURSION = YES;
				CLANG_WARN_INT_CONVERSION = YES;
				CLANG_WARN_NON_LITERAL_NULL_CONVERSION = YES;
				CLANG_WARN_OBJC_IMPLICIT_RETAIN_SELF = YES;
				CLANG_WARN_OBJC_LITERAL_CONVERSION = YES;
				CLANG_WARN_OBJC_ROOT_CLASS = YES_ERROR;
				CLANG_WARN_QUOTED_INCLUDE_IN_FRAMEWORK_HEADER = YES;
				CLANG_WARN_RANGE_LOOP_ANALYSIS = YES;
				CLANG_WARN_STRICT_PROTOTYPES = YES;
				CLANG_WARN_SUSPICIOUS_MOVE = YES;
				CLANG_WARN_UNGUARDED_AVAILABILITY = YES_AGGRESSIVE;
				CLANG_WARN_UNREACHABLE_CODE = YES;
				CLANG_WARN__DUPLICATE_METHOD_MATCH = YES;
				COPY_PHASE_STRIP = NO;
				DEBUG_INFORMATION_FORMAT = dwarf;
				ENABLE_STRICT_OBJC_MSGSEND = YES;
				ENABLE_TESTABILITY = YES;
				GCC_C_LANGUAGE_STANDARD = gnu11;
				GCC_DYNAMIC_NO_PIC = NO;
				GCC_NO_COMMON_BLOCKS = YES;
				GCC_OPTIMIZATION_LEVEL = 0;
				GCC_PREPROCESSOR_DEFINITIONS = (
					"DEBUG=1",
					"$(inherited)",
				);
				GCC_WARN_64_TO_32_BIT_CONVERSION = YES;
				GCC_WARN_ABOUT_RETURN_TYPE = YES_ERROR;
				GCC_WARN_UNDECLARED_SELECTOR = YES;
				GCC_WARN_UNINITIALIZED_AUTOS = YES_AGGRESSIVE;
				GCC_WARN_UNUSED_FUNCTION = YES;
				GCC_WARN_UNUSED_VARIABLE = YES;
				IPHONEOS_DEPLOYMENT_TARGET = 15.0;
				MTL_ENABLE_DEBUG_INFO = INCLUDE_SOURCE;
				MTL_FAST_MATH = YES;
				ONLY_ACTIVE_ARCH = YES;
				SDKROOT = iphoneos;
				SWIFT_ACTIVE_COMPILATION_CONDITIONS = DEBUG;
				SWIFT_OPTIMIZATION_LEVEL = "-Onone";
			};
			name = Debug;
		};
		98D80BD72A27430D0003008C /* Release */ = {
			isa = XCBuildConfiguration;
			buildSettings = {
				ALWAYS_SEARCH_USER_PATHS = NO;
				CLANG_ANALYZER_NONNULL = YES;
				CLANG_ANALYZER_NUMBER_OBJECT_CONVERSION = YES_AGGRESSIVE;
				CLANG_CXX_LANGUAGE_STANDARD = "gnu++20";
				CLANG_ENABLE_MODULES = YES;
				CLANG_ENABLE_OBJC_ARC = YES;
				CLANG_ENABLE_OBJC_WEAK = YES;
				CLANG_WARN_BLOCK_CAPTURE_AUTORELEASING = YES;
				CLANG_WARN_BOOL_CONVERSION = YES;
				CLANG_WARN_COMMA = YES;
				CLANG_WARN_CONSTANT_CONVERSION = YES;
				CLANG_WARN_DEPRECATED_OBJC_IMPLEMENTATIONS = YES;
				CLANG_WARN_DIRECT_OBJC_ISA_USAGE = YES_ERROR;
				CLANG_WARN_DOCUMENTATION_COMMENTS = YES;
				CLANG_WARN_EMPTY_BODY = YES;
				CLANG_WARN_ENUM_CONVERSION = YES;
				CLANG_WARN_INFINITE_RECURSION = YES;
				CLANG_WARN_INT_CONVERSION = YES;
				CLANG_WARN_NON_LITERAL_NULL_CONVERSION = YES;
				CLANG_WARN_OBJC_IMPLICIT_RETAIN_SELF = YES;
				CLANG_WARN_OBJC_LITERAL_CONVERSION = YES;
				CLANG_WARN_OBJC_ROOT_CLASS = YES_ERROR;
				CLANG_WARN_QUOTED_INCLUDE_IN_FRAMEWORK_HEADER = YES;
				CLANG_WARN_RANGE_LOOP_ANALYSIS = YES;
				CLANG_WARN_STRICT_PROTOTYPES = YES;
				CLANG_WARN_SUSPICIOUS_MOVE = YES;
				CLANG_WARN_UNGUARDED_AVAILABILITY = YES_AGGRESSIVE;
				CLANG_WARN_UNREACHABLE_CODE = YES;
				CLANG_WARN__DUPLICATE_METHOD_MATCH = YES;
				COPY_PHASE_STRIP = NO;
				DEBUG_INFORMATION_FORMAT = "dwarf-with-dsym";
				ENABLE_NS_ASSERTIONS = NO;
				ENABLE_STRICT_OBJC_MSGSEND = YES;
				GCC_C_LANGUAGE_STANDARD = gnu11;
				GCC_NO_COMMON_BLOCKS = YES;
				GCC_WARN_64_TO_32_BIT_CONVERSION = YES;
				GCC_WARN_ABOUT_RETURN_TYPE = YES_ERROR;
				GCC_WARN_UNDECLARED_SELECTOR = YES;
				GCC_WARN_UNINITIALIZED_AUTOS = YES_AGGRESSIVE;
				GCC_WARN_UNUSED_FUNCTION = YES;
				GCC_WARN_UNUSED_VARIABLE = YES;
				IPHONEOS_DEPLOYMENT_TARGET = 15.0;
				MTL_ENABLE_DEBUG_INFO = NO;
				MTL_FAST_MATH = YES;
				SDKROOT = iphoneos;
				SWIFT_COMPILATION_MODE = wholemodule;
				SWIFT_OPTIMIZATION_LEVEL = "-O";
				VALIDATE_PRODUCT = YES;
			};
			name = Release;
		};
		98D80BD92A27430D0003008C /* Debug */ = {
			isa = XCBuildConfiguration;
			buildSettings = {
				ASSETCATALOG_COMPILER_APPICON_NAME = AppIcon;
				ASSETCATALOG_COMPILER_GLOBAL_ACCENT_COLOR_NAME = AccentColor;
				CODE_SIGN_STYLE = Automatic;
				CURRENT_PROJECT_VERSION = 1;
				DEVELOPMENT_TEAM = 6D8CRTN6K7;
				GENERATE_INFOPLIST_FILE = YES;
				INFOPLIST_FILE = JKOAssignment/Info.plist;
				INFOPLIST_KEY_UIApplicationSupportsIndirectInputEvents = YES;
				INFOPLIST_KEY_UILaunchStoryboardName = LaunchScreen;
				INFOPLIST_KEY_UISupportedInterfaceOrientations = "UIInterfaceOrientationLandscapeLeft UIInterfaceOrientationLandscapeRight UIInterfaceOrientationPortrait";
				LD_RUNPATH_SEARCH_PATHS = (
					"$(inherited)",
					"@executable_path/Frameworks",
				);
				MARKETING_VERSION = 1.0;
				PRODUCT_BUNDLE_IDENTIFIER = com.waynecheng.JKOAssignment;
				PRODUCT_NAME = "$(TARGET_NAME)";
				SUPPORTED_PLATFORMS = "iphoneos iphonesimulator";
				SUPPORTS_MACCATALYST = NO;
				SUPPORTS_MAC_DESIGNED_FOR_IPHONE_IPAD = NO;
				SWIFT_EMIT_LOC_STRINGS = YES;
				SWIFT_VERSION = 5.0;
				TARGETED_DEVICE_FAMILY = 1;
			};
			name = Debug;
		};
		98D80BDA2A27430D0003008C /* Release */ = {
			isa = XCBuildConfiguration;
			buildSettings = {
				ASSETCATALOG_COMPILER_APPICON_NAME = AppIcon;
				ASSETCATALOG_COMPILER_GLOBAL_ACCENT_COLOR_NAME = AccentColor;
				CODE_SIGN_STYLE = Automatic;
				CURRENT_PROJECT_VERSION = 1;
				DEVELOPMENT_TEAM = 6D8CRTN6K7;
				GENERATE_INFOPLIST_FILE = YES;
				INFOPLIST_FILE = JKOAssignment/Info.plist;
				INFOPLIST_KEY_UIApplicationSupportsIndirectInputEvents = YES;
				INFOPLIST_KEY_UILaunchStoryboardName = LaunchScreen;
				INFOPLIST_KEY_UISupportedInterfaceOrientations = "UIInterfaceOrientationLandscapeLeft UIInterfaceOrientationLandscapeRight UIInterfaceOrientationPortrait";
				LD_RUNPATH_SEARCH_PATHS = (
					"$(inherited)",
					"@executable_path/Frameworks",
				);
				MARKETING_VERSION = 1.0;
				PRODUCT_BUNDLE_IDENTIFIER = com.waynecheng.JKOAssignment;
				PRODUCT_NAME = "$(TARGET_NAME)";
				SUPPORTED_PLATFORMS = "iphoneos iphonesimulator";
				SUPPORTS_MACCATALYST = NO;
				SUPPORTS_MAC_DESIGNED_FOR_IPHONE_IPAD = NO;
				SWIFT_EMIT_LOC_STRINGS = YES;
				SWIFT_VERSION = 5.0;
				TARGETED_DEVICE_FAMILY = 1;
			};
			name = Release;
		};
		98D80BDC2A27430D0003008C /* Debug */ = {
			isa = XCBuildConfiguration;
			buildSettings = {
				ALWAYS_EMBED_SWIFT_STANDARD_LIBRARIES = YES;
				BUNDLE_LOADER = "$(TEST_HOST)";
				CODE_SIGN_STYLE = Automatic;
				CURRENT_PROJECT_VERSION = 1;
				DEVELOPMENT_TEAM = 6D8CRTN6K7;
				GENERATE_INFOPLIST_FILE = YES;
				IPHONEOS_DEPLOYMENT_TARGET = 16.2;
				MARKETING_VERSION = 1.0;
				PRODUCT_BUNDLE_IDENTIFIER = com.waynecheng.JKOAssignmentTests;
				PRODUCT_NAME = "$(TARGET_NAME)";
				SWIFT_EMIT_LOC_STRINGS = NO;
				SWIFT_VERSION = 5.0;
				TARGETED_DEVICE_FAMILY = "1,2";
				TEST_HOST = "$(BUILT_PRODUCTS_DIR)/JKOAssignment.app/$(BUNDLE_EXECUTABLE_FOLDER_PATH)/JKOAssignment";
			};
			name = Debug;
		};
		98D80BDD2A27430D0003008C /* Release */ = {
			isa = XCBuildConfiguration;
			buildSettings = {
				ALWAYS_EMBED_SWIFT_STANDARD_LIBRARIES = YES;
				BUNDLE_LOADER = "$(TEST_HOST)";
				CODE_SIGN_STYLE = Automatic;
				CURRENT_PROJECT_VERSION = 1;
				DEVELOPMENT_TEAM = 6D8CRTN6K7;
				GENERATE_INFOPLIST_FILE = YES;
				IPHONEOS_DEPLOYMENT_TARGET = 16.2;
				MARKETING_VERSION = 1.0;
				PRODUCT_BUNDLE_IDENTIFIER = com.waynecheng.JKOAssignmentTests;
				PRODUCT_NAME = "$(TARGET_NAME)";
				SWIFT_EMIT_LOC_STRINGS = NO;
				SWIFT_VERSION = 5.0;
				TARGETED_DEVICE_FAMILY = "1,2";
				TEST_HOST = "$(BUILT_PRODUCTS_DIR)/JKOAssignment.app/$(BUNDLE_EXECUTABLE_FOLDER_PATH)/JKOAssignment";
			};
			name = Release;
		};
/* End XCBuildConfiguration section */

/* Begin XCConfigurationList section */
		98D80BA92A27430C0003008C /* Build configuration list for PBXProject "JKOAssignment" */ = {
			isa = XCConfigurationList;
			buildConfigurations = (
				98D80BD62A27430D0003008C /* Debug */,
				98D80BD72A27430D0003008C /* Release */,
			);
			defaultConfigurationIsVisible = 0;
			defaultConfigurationName = Release;
		};
		98D80BD82A27430D0003008C /* Build configuration list for PBXNativeTarget "JKOAssignment" */ = {
			isa = XCConfigurationList;
			buildConfigurations = (
				98D80BD92A27430D0003008C /* Debug */,
				98D80BDA2A27430D0003008C /* Release */,
			);
			defaultConfigurationIsVisible = 0;
			defaultConfigurationName = Release;
		};
		98D80BDB2A27430D0003008C /* Build configuration list for PBXNativeTarget "JKOAssignmentTests" */ = {
			isa = XCConfigurationList;
			buildConfigurations = (
				98D80BDC2A27430D0003008C /* Debug */,
				98D80BDD2A27430D0003008C /* Release */,
			);
			defaultConfigurationIsVisible = 0;
			defaultConfigurationName = Release;
		};
/* End XCConfigurationList section */

/* Begin XCVersionGroup section */
		98D80C1E2A289C860003008C /* JKOStore.xcdatamodeld */ = {
			isa = XCVersionGroup;
			children = (
				98D80C1F2A289C860003008C /* JKOStore.xcdatamodel */,
			);
			currentVersion = 98D80C1F2A289C860003008C /* JKOStore.xcdatamodel */;
			path = JKOStore.xcdatamodeld;
			sourceTree = "<group>";
			versionGroupType = wrapper.xcdatamodel;
		};
/* End XCVersionGroup section */
	};
	rootObject = 98D80BA62A27430C0003008C /* Project object */;
}
